# THIS IS AN AUTOGENERATED FILE. DO NOT EDIT THIS FILE DIRECTLY.
# yarn lockfile v1


"@fortawesome/fontawesome-free@5.10.2":
  version "5.10.2"
  resolved "https://registry.yarnpkg.com/@fortawesome/fontawesome-free/-/fontawesome-free-5.10.2.tgz#27e02da1e34b50c9869179d364fb46627b521130"
  integrity sha512-9pw+Nsnunl9unstGEHQ+u41wBEQue6XPBsILXtJF/4fNN1L3avJcMF/gGF86rIjeTAgfLjTY9ndm68/X4f4idQ==

"@fortawesome/fontawesome-free@^5.11.2":
  version "5.11.2"
  resolved "https://registry.yarnpkg.com/@fortawesome/fontawesome-free/-/fontawesome-free-5.11.2.tgz#8644bc25b19475779a7b7c1fc104bc0a794f4465"
  integrity sha512-XiUPoS79r1G7PcpnNtq85TJ7inJWe0v+b5oZJZKb0pGHNIV6+UiNeQWiFGmuQ0aj7GEhnD/v9iqxIsjuRKtEnQ==

bootstrap@4.3.1, bootstrap@^4.3.1:
  version "4.3.1"
  resolved "https://registry.yarnpkg.com/bootstrap/-/bootstrap-4.3.1.tgz#280ca8f610504d99d7b6b4bfc4b68cec601704ac"
  integrity sha512-rXqOmH1VilAt2DyPzluTi2blhk17bO7ef+zLLPlWvG494pDxcM234pJ8wTc/6R40UWizAIIMgxjvxZg5kmsbag==

chart.js@2.8.0, chart.js@^2.8.0:
  version "2.8.0"
  resolved "https://registry.yarnpkg.com/chart.js/-/chart.js-2.8.0.tgz#b703b10d0f4ec5079eaefdcd6ca32dc8f826e0e9"
  integrity sha512-Di3wUL4BFvqI5FB5K26aQ+hvWh8wnP9A3DWGvXHVkO13D3DSnaSsdZx29cXlEsYKVkn1E2az+ZYFS4t0zi8x0w==
  dependencies:
    chartjs-color "^2.1.0"
    moment "^2.10.2"

chartjs-color-string@^0.6.0:
  version "0.6.0"
  resolved "https://registry.yarnpkg.com/chartjs-color-string/-/chartjs-color-string-0.6.0.tgz#1df096621c0e70720a64f4135ea171d051402f71"
  integrity sha512-TIB5OKn1hPJvO7JcteW4WY/63v6KwEdt6udfnDE9iCAZgy+V4SrbSxoIbTw/xkUIapjEI4ExGtD0+6D3KyFd7A==
  dependencies:
    color-name "^1.0.0"

chartjs-color@^2.1.0, chartjs-color@^2.3.0:
  version "2.3.0"
  resolved "https://registry.yarnpkg.com/chartjs-color/-/chartjs-color-2.3.0.tgz#0e7e1e8dba37eae8415fd3db38bf572007dd958f"
  integrity sha512-hEvVheqczsoHD+fZ+tfPUE+1+RbV6b+eksp2LwAhwRTVXEjCSEavvk+Hg3H6SZfGlPh/UfmWKGIvZbtobOEm3g==
  dependencies:
    chartjs-color-string "^0.6.0"
    color-convert "^0.5.3"

color-convert@^0.5.3:
  version "0.5.3"
  resolved "https://registry.yarnpkg.com/color-convert/-/color-convert-0.5.3.tgz#bdb6c69ce660fadffe0b0007cc447e1b9f7282bd"
  integrity sha1-vbbGnOZg+t/+CwAHzER+G59ygr0=

color-convert@^2.0.1:
  version "2.0.1"
  resolved "https://registry.yarnpkg.com/color-convert/-/color-convert-2.0.1.tgz#72d3a68d598c9bdb3af2ad1e84f21d896abd4de3"
  integrity sha512-RRECPsj7iu/xb5oKYcsFHSppFNnsj/52OVTRKb4zP5onXwVF3zVmmToNcOfGC+CRDpfK/U584fMg38ZHCaElKQ==
  dependencies:
    color-name "~1.1.4"

color-name@^1.0.0, color-name@^1.1.4, color-name@~1.1.4:
  version "1.1.4"
  resolved "https://registry.yarnpkg.com/color-name/-/color-name-1.1.4.tgz#c2a09a87acbde69543de6f63fa3995c826c536a2"
  integrity sha512-dOy+3AuW3a2wNbZHIuMZpTcgjGuLU/uBL/ubcZF9OXbDo8ff4O8yVp5Bf0efS8uEoYo5q4Fx7dY9OgQGXgAsQA==

datatables.net-bs4@1.10.19, datatables.net-bs4@^1.10.19:
  version "1.10.19"
  resolved "https://registry.yarnpkg.com/datatables.net-bs4/-/datatables.net-bs4-1.10.19.tgz#0608dff22008cf3c7b8a68b1bc702ed255b404fb"
  integrity sha512-pgeP17w4aPR7HIxIwuJghfqXULjdg1K6xMUUKDyCERJRSNNK4MRToFfELtIsluLNN555YBK4Kx8nihX5/ZT1Fw==
  dependencies:
    datatables.net "1.10.19"
    jquery ">=1.7"

datatables.net@1.10.19, datatables.net@^1.10.19:
  version "1.10.19"
  resolved "https://registry.yarnpkg.com/datatables.net/-/datatables.net-1.10.19.tgz#97a1ed41c85e62d61040603481b59790a172dd1f"
  integrity sha512-+ljXcI6Pj3PTGy5pesp3E5Dr3x3AV45EZe0o1r0gKENN2gafBKXodVnk2ypKwl2tTmivjxbkiqoWnipTefyBTA==
  dependencies:
    jquery ">=1.7"

jquery.easing@^1.4.1:
  version "1.4.1"
  resolved "https://registry.yarnpkg.com/jquery.easing/-/jquery.easing-1.4.1.tgz#47982c5836bd758fd48494923c4a101ef6e93e3b"
  integrity sha1-R5gsWDa9dY/UhJSSPEoQHvbpPjs=

jquery@3.4.1, jquery@>=1.7, jquery@^3.4.1:
  version "3.4.1"
  resolved "https://registry.yarnpkg.com/jquery/-/jquery-3.4.1.tgz#714f1f8d9dde4bdfa55764ba37ef214630d80ef2"
  integrity sha512-36+AdBzCL+y6qjw5Tx7HgzeGCzC81MDDgaUP8ld2zhx58HdqXGoBd+tHdrBMiyjGQs0Hxs/MLZTu/eHNJJuWPw==

moment@^2.10.2, moment@^2.24.0:
  version "2.24.0"
  resolved "https://registry.yarnpkg.com/moment/-/moment-2.24.0.tgz#0d055d53f5052aa653c9f6eb68bb5d12bf5c2b5b"
  integrity sha512-bV7f+6l2QigeBBZSM/6yTNq4P2fNpSWj/0e7jQcy87A8e7o2nAfP/34/2ky5Vw4B9S446EtIhodAzkFCcR4dQg==

startbootstrap-sb-admin-2@^4.0.7:
  version "4.0.7"
  resolved "https://registry.yarnpkg.com/startbootstrap-sb-admin-2/-/startbootstrap-sb-admin-2-4.0.7.tgz#66def78f51dc333b21d0fae5fe49bb5a57430eca"
  integrity sha512-4MIqbo/Y9Kz/CJ2H/EDHXGLfKuT7tHgmy9+b+SMXK/IwEX06ftJ4/75/IGMFqLazg+VriBJLp1B9dPuHBzaPVw==
  dependencies:
    "@fortawesome/fontawesome-free" "5.10.2"
    bootstrap "4.3.1"
    chart.js "2.8.0"
    datatables.net-bs4 "1.10.19"
    jquery "3.4.1"
    jquery.easing "^1.4.1"
